{
    "_readme": [
        "This file locks the dependencies of your project to a known state",
        "Read more about it at https://getcomposer.org/doc/01-basic-usage.md#composer-lock-the-lock-file",
        "This file is @generated automatically"
    ],
    "content-hash": "bfda4878b65cd30db248f81c68878ee2",
    "packages": [
        {
            "name": "rlanvin/php-form",
            "version": "v2.0.1",
            "source": {
                "type": "git",
                "url": "https://github.com/rlanvin/php-form.git",
                "reference": "d68c4fe9cc2e9191175169409d718a59ea1bff55"
            },
            "dist": {
                "type": "zip",
                "url": "https://api.github.com/repos/rlanvin/php-form/zipball/d68c4fe9cc2e9191175169409d718a59ea1bff55",
                "reference": "d68c4fe9cc2e9191175169409d718a59ea1bff55",
                "shasum": ""
            },
            "require": {
                "ext-mbstring": "*",
                "php": ">=5.4.0"
            },
            "suggest": {
                "ext-intl": "Intl extension is useful for validating formatted numbers"
            },
            "type": "library",
            "autoload": {
                "psr-4": {
                    "Form\\": "src/"
                }
            },
            "notification-url": "https://packagist.org/downloads/",
            "license": [
                "MIT"
            ],
            "description": "Lightweight form validation library for PHP",
            "homepage": "https://github.com/rlanvin/php-form",
            "keywords": [
                "form",
                "validation"
            ],
            "time": "2016-04-11T09:58:23+00:00"
        }
    ],
    "packages-dev": [],
    "aliases": [],
    "minimum-stability": "stable",
    "stability-flags": [],
    "prefer-stable": false,
    "prefer-lowest": false,
    "platform": [],
    "platform-dev": []
}
